// !$*UTF8*$!
{
	archiveVersion = 1;
	classes = {
	};
	objectVersion = 48;
	objects = {

/* Begin PBXBuildFile section */
		2B659ADB1F7E2BF9004C61D0 /* AppDelegate.swift in Sources */ = {isa = PBXBuildFile; fileRef = 2B659ADA1F7E2BF9004C61D0 /* AppDelegate.swift */; };
		2B659ADD1F7E2BF9004C61D0 /* ViewController.swift in Sources */ = {isa = PBXBuildFile; fileRef = 2B659ADC1F7E2BF9004C61D0 /* ViewController.swift */; };
		2B659AE01F7E2BF9004C61D0 /* Main.storyboard in Resources */ = {isa = PBXBuildFile; fileRef = 2B659ADE1F7E2BF9004C61D0 /* Main.storyboard */; };
		2B659AE31F7E2BF9004C61D0 /* Seapp.xcdatamodeld in Sources */ = {isa = PBXBuildFile; fileRef = 2B659AE11F7E2BF9004C61D0 /* Seapp.xcdatamodeld */; };
		2B659AE51F7E2BF9004C61D0 /* Assets.xcassets in Resources */ = {isa = PBXBuildFile; fileRef = 2B659AE41F7E2BF9004C61D0 /* Assets.xcassets */; };
		2B659AE81F7E2BF9004C61D0 /* LaunchScreen.storyboard in Resources */ = {isa = PBXBuildFile; fileRef = 2B659AE61F7E2BF9004C61D0 /* LaunchScreen.storyboard */; };
		2B659AF31F7E2BF9004C61D0 /* SeappTests.swift in Sources */ = {isa = PBXBuildFile; fileRef = 2B659AF21F7E2BF9004C61D0 /* SeappTests.swift */; };
/* End PBXBuildFile section */

/* Begin PBXContainerItemProxy section */
		2B659AEF1F7E2BF9004C61D0 /* PBXContainerItemProxy */ = {
			isa = PBXContainerItemProxy;
			containerPortal = 2B659ACF1F7E2BF9004C61D0 /* Project object */;
			proxyType = 1;
			remoteGlobalIDString = 2B659AD61F7E2BF9004C61D0;
			remoteInfo = Seapp;
		};
/* End PBXContainerItemProxy section */

/* Begin PBXFileReference section */
		2B659AD71F7E2BF9004C61D0 /* Seapp.app */ = {isa = PBXFileReference; explicitFileType = wrapper.application; includeInIndex = 0; path = Seapp.app; sourceTree = BUILT_PRODUCTS_DIR; };
		2B659ADA1F7E2BF9004C61D0 /* AppDelegate.swift */ = {isa = PBXFileReference; lastKnownFileType = sourcecode.swift; path = AppDelegate.swift; sourceTree = "<group>"; };
		2B659ADC1F7E2BF9004C61D0 /* ViewController.swift */ = {isa = PBXFileReference; lastKnownFileType = sourcecode.swift; path = ViewController.swift; sourceTree = "<group>"; };
		2B659ADF1F7E2BF9004C61D0 /* Base */ = {isa = PBXFileReference; lastKnownFileType = file.storyboard; name = Base; path = Base.lproj/Main.storyboard; sourceTree = "<group>"; };
		2B659AE21F7E2BF9004C61D0 /* Seapp.xcdatamodel */ = {isa = PBXFileReference; lastKnownFileType = wrapper.xcdatamodel; path = Seapp.xcdatamodel; sourceTree = "<group>"; };
		2B659AE41F7E2BF9004C61D0 /* Assets.xcassets */ = {isa = PBXFileReference; lastKnownFileType = folder.assetcatalog; path = Assets.xcassets; sourceTree = "<group>"; };
		2B659AE71F7E2BF9004C61D0 /* Base */ = {isa = PBXFileReference; lastKnownFileType = file.storyboard; name = Base; path = Base.lproj/LaunchScreen.storyboard; sourceTree = "<group>"; };
		2B659AE91F7E2BF9004C61D0 /* Info.plist */ = {isa = PBXFileReference; lastKnownFileType = text.plist.xml; path = Info.plist; sourceTree = "<group>"; };
		2B659AEE1F7E2BF9004C61D0 /* SeappTests.xctest */ = {isa = PBXFileReference; explicitFileType = wrapper.cfbundle; includeInIndex = 0; path = SeappTests.xctest; sourceTree = BUILT_PRODUCTS_DIR; };
		2B659AF21F7E2BF9004C61D0 /* SeappTests.swift */ = {isa = PBXFileReference; lastKnownFileType = sourcecode.swift; path = SeappTests.swift; sourceTree = "<group>"; };
		2B659AF41F7E2BF9004C61D0 /* Info.plist */ = {isa = PBXFileReference; lastKnownFileType = text.plist.xml; path = Info.plist; sourceTree = "<group>"; };
/* End PBXFileReference section */

/* Begin PBXFrameworksBuildPhase section */
		2B659AD41F7E2BF9004C61D0 /* Frameworks */ = {
			isa = PBXFrameworksBuildPhase;
			buildActionMask = 2147483647;
			files = (
			);
			runOnlyForDeploymentPostprocessing = 0;
		};
		2B659AEB1F7E2BF9004C61D0 /* Frameworks */ = {
			isa = PBXFrameworksBuildPhase;
			buildActionMask = 2147483647;
			files = (
			);
			runOnlyForDeploymentPostprocessing = 0;
		};
/* End PBXFrameworksBuildPhase section */

/* Begin PBXGroup section */
		2B659ACE1F7E2BF9004C61D0 = {
			isa = PBXGroup;
			children = (
				2B659AD91F7E2BF9004C61D0 /* Seapp */,
				2B659AF11F7E2BF9004C61D0 /* SeappTests */,
				2B659AD81F7E2BF9004C61D0 /* Products */,
			);
			sourceTree = "<group>";
		};
		2B659AD81F7E2BF9004C61D0 /* Products */ = {
			isa = PBXGroup;
			children = (
				2B659AD71F7E2BF9004C61D0 /* Seapp.app */,
				2B659AEE1F7E2BF9004C61D0 /* SeappTests.xctest */,
			);
			name = Products;
			sourceTree = "<group>";
		};
		2B659AD91F7E2BF9004C61D0 /* Seapp */ = {
			isa = PBXGroup;
			children = (
				2B659ADA1F7E2BF9004C61D0 /* AppDelegate.swift */,
				2B659ADC1F7E2BF9004C61D0 /* ViewController.swift */,
				2B659ADE1F7E2BF9004C61D0 /* Main.storyboard */,
				2B659AE41F7E2BF9004C61D0 /* Assets.xcassets */,
				2B659AE61F7E2BF9004C61D0 /* LaunchScreen.storyboard */,
				2B659AE91F7E2BF9004C61D0 /* Info.plist */,
				2B659AE11F7E2BF9004C61D0 /* Seapp.xcdatamodeld */,
			);
			path = Seapp;
			sourceTree = "<group>";
		};
		2B659AF11F7E2BF9004C61D0 /* SeappTests */ = {
			isa = PBXGroup;
			children = (
				2B659AF21F7E2BF9004C61D0 /* SeappTests.swift */,
				2B659AF41F7E2BF9004C61D0 /* Info.plist */,
			);
			path = SeappTests;
			sourceTree = "<group>";
		};
/* End PBXGroup section */

/* Begin PBXNativeTarget section */
		2B659AD61F7E2BF9004C61D0 /* Seapp */ = {
			isa = PBXNativeTarget;
			buildConfigurationList = 2B659AF71F7E2BF9004C61D0 /* Build configuration list for PBXNativeTarget "Seapp" */;
			buildPhases = (
				2B659AD31F7E2BF9004C61D0 /* Sources */,
				2B659AD41F7E2BF9004C61D0 /* Frameworks */,
				2B659AD51F7E2BF9004C61D0 /* Resources */,
			);
			buildRules = (
			);
			dependencies = (
			);
			name = Seapp;
			productName = Seapp;
			productReference = 2B659AD71F7E2BF9004C61D0 /* Seapp.app */;
			productType = "com.apple.product-type.application";
		};
		2B659AED1F7E2BF9004C61D0 /* SeappTests */ = {
			isa = PBXNativeTarget;
			buildConfigurationList = 2B659AFA1F7E2BF9004C61D0 /* Build configuration list for PBXNativeTarget "SeappTests" */;
			buildPhases = (
				2B659AEA1F7E2BF9004C61D0 /* Sources */,
				2B659AEB1F7E2BF9004C61D0 /* Frameworks */,
				2B659AEC1F7E2BF9004C61D0 /* Resources */,
			);
			buildRules = (
			);
			dependencies = (
				2B659AF01F7E2BF9004C61D0 /* PBXTargetDependency */,
			);
			name = SeappTests;
			productName = SeappTests;
			productReference = 2B659AEE1F7E2BF9004C61D0 /* SeappTests.xctest */;
			productType = "com.apple.product-type.bundle.unit-test";
		};
/* End PBXNativeTarget section */

/* Begin PBXProject section */
		2B659ACF1F7E2BF9004C61D0 /* Project object */ = {
			isa = PBXProject;
			attributes = {
				LastSwiftUpdateCheck = 0900;
				LastUpgradeCheck = 0900;
				ORGANIZATIONNAME = "Edward Nguyễn";
				TargetAttributes = {
					2B659AD61F7E2BF9004C61D0 = {
						CreatedOnToolsVersion = 9.0;
						ProvisioningStyle = Automatic;
					};
					2B659AED1F7E2BF9004C61D0 = {
						CreatedOnToolsVersion = 9.0;
						ProvisioningStyle = Automatic;
						TestTargetID = 2B659AD61F7E2BF9004C61D0;
					};
				};
			};
			buildConfigurationList = 2B659AD21F7E2BF9004C61D0 /* Build configuration list for PBXProject "Seapp" */;
			compatibilityVersion = "Xcode 8.0";
			developmentRegion = en;
			hasScannedForEncodings = 0;
			knownRegions = (
				en,
				Base,
			);
			mainGroup = 2B659ACE1F7E2BF9004C61D0;
			productRefGroup = 2B659AD81F7E2BF9004C61D0 /* Products */;
			projectDirPath = "";
			projectRoot = "";
			targets = (
				2B659AD61F7E2BF9004C61D0 /* Seapp */,
				2B659AED1F7E2BF9004C61D0 /* SeappTests */,
			);
		};
/* End PBXProject section */

/* Begin PBXResourcesBuildPhase section */
		2B659AD51F7E2BF9004C61D0 /* Resources */ = {
			isa = PBXResourcesBuildPhase;
			buildActionMask = 2147483647;
			files = (
				2B659AE81F7E2BF9004C61D0 /* LaunchScreen.storyboard in Resources */,
				2B659AE51F7E2BF9004C61D0 /* Assets.xcassets in Resources */,
				2B659AE01F7E2BF9004C61D0 /* Main.storyboard in Resources */,
			);
			runOnlyForDeploymentPostprocessing = 0;
		};
		2B659AEC1F7E2BF9004C61D0 /* Resources */ = {
			isa = PBXResourcesBuildPhase;
			buildActionMask = 2147483647;
			files = (
			);
			runOnlyForDeploymentPostprocessing = 0;
		};
/* End PBXResourcesBuildPhase section */

/* Begin PBXSourcesBuildPhase section */
		2B659AD31F7E2BF9004C61D0 /* Sources */ = {
			isa = PBXSourcesBuildPhase;
			buildActionMask = 2147483647;
			files = (
				2B659ADD1F7E2BF9004C61D0 /* ViewController.swift in Sources */,
				2B659ADB1F7E2BF9004C61D0 /* AppDelegate.swift in Sources */,
				2B659AE31F7E2BF9004C61D0 /* Seapp.xcdatamodeld in Sources */,
			);
			runOnlyForDeploymentPostprocessing = 0;
		};
		2B659AEA1F7E2BF9004C61D0 /* Sources */ = {
			isa = PBXSourcesBuildPhase;
			buildActionMask = 2147483647;
			files = (
				2B659AF31F7E2BF9004C61D0 /* SeappTests.swift in Sources */,
			);
			runOnlyForDeploymentPostprocessing = 0;
		};
/* End PBXSourcesBuildPhase section */

/* Begin PBXTargetDependency section */
		2B659AF01F7E2BF9004C61D0 /* PBXTargetDependency */ = {
			isa = PBXTargetDependency;
			target = 2B659AD61F7E2BF9004C61D0 /* Seapp */;
			targetProxy = 2B659AEF1F7E2BF9004C61D0 /* PBXContainerItemProxy */;
		};
/* End PBXTargetDependency section */

/* Begin PBXVariantGroup section */
		2B659ADE1F7E2BF9004C61D0 /* Main.storyboard */ = {
			isa = PBXVariantGroup;
			children = (
				2B659ADF1F7E2BF9004C61D0 /* Base */,
			);
			name = Main.storyboard;
			sourceTree = "<group>";
		};
		2B659AE61F7E2BF9004C61D0 /* LaunchScreen.storyboard */ = {
			isa = PBXVariantGroup;
			children = (
				2B659AE71F7E2BF9004C61D0 /* Base */,
			);
			name = LaunchScreen.storyboard;
			sourceTree = "<group>";
		};
/* End PBXVariantGroup section */

/* Begin XCBuildConfiguration section */
		2B659AF51F7E2BF9004C61D0 /* Debug */ = {
			isa = XCBuildConfiguration;
			buildSettings = {
				ALWAYS_SEARCH_USER_PATHS = NO;
				CLANG_ANALYZER_NONNULL = YES;
				CLANG_ANALYZER_NUMBER_OBJECT_CONVERSION = YES_AGGRESSIVE;
				CLANG_CXX_LANGUAGE_STANDARD = "gnu++14";
				CLANG_CXX_LIBRARY = "libc++";
				CLANG_ENABLE_MODULES = YES;
				CLANG_ENABLE_OBJC_ARC = YES;
				CLANG_WARN_BLOCK_CAPTURE_AUTORELEASING = YES;
				CLANG_WARN_BOOL_CONVERSION = YES;
				CLANG_WARN_COMMA = YES;
				CLANG_WARN_CONSTANT_CONVERSION = YES;
				CLANG_WARN_DIRECT_OBJC_ISA_USAGE = YES_ERROR;
				CLANG_WARN_DOCUMENTATION_COMMENTS = YES;
				CLANG_WARN_EMPTY_BODY = YES;
				CLANG_WARN_ENUM_CONVERSION = YES;
				CLANG_WARN_INFINITE_RECURSION = YES;
				CLANG_WARN_INT_CONVERSION = YES;
				CLANG_WARN_NON_LITERAL_NULL_CONVERSION = YES;
				CLANG_WARN_OBJC_LITERAL_CONVERSION = YES;
				CLANG_WARN_OBJC_ROOT_CLASS = YES_ERROR;
				CLANG_WARN_RANGE_LOOP_ANALYSIS = YES;
				CLANG_WARN_STRICT_PROTOTYPES = YES;
				CLANG_WARN_SUSPICIOUS_MOVE = YES;
				CLANG_WARN_UNGUARDED_AVAILABILITY = YES_AGGRESSIVE;
				CLANG_WARN_UNREACHABLE_CODE = YES;
				CLANG_WARN__DUPLICATE_METHOD_MATCH = YES;
				CODE_SIGN_IDENTITY = "iPhone Developer";
				COPY_PHASE_STRIP = NO;
				DEBUG_INFORMATION_FORMAT = dwarf;
				ENABLE_STRICT_OBJC_MSGSEND = YES;
				ENABLE_TESTABILITY = YES;
				GCC_C_LANGUAGE_STANDARD = gnu11;
				GCC_DYNAMIC_NO_PIC = NO;
				GCC_NO_COMMON_BLOCKS = YES;
				GCC_OPTIMIZATION_LEVEL = 0;
				GCC_PREPROCESSOR_DEFINITIONS = (
					"DEBUG=1",
					"$(inherited)",
				);
				GCC_WARN_64_TO_32_BIT_CONVERSION = YES;
				GCC_WARN_ABOUT_RETURN_TYPE = YES_ERROR;
				GCC_WARN_UNDECLARED_SELECTOR = YES;
				GCC_WARN_UNINITIALIZED_AUTOS = YES_AGGRESSIVE;
				GCC_WARN_UNUSED_FUNCTION = YES;
				GCC_WARN_UNUSED_VARIABLE = YES;
				IPHONEOS_DEPLOYMENT_TARGET = 11.0;
				MTL_ENABLE_DEBUG_INFO = YES;
				ONLY_ACTIVE_ARCH = YES;
				SDKROOT = iphoneos;
				SWIFT_ACTIVE_COMPILATION_CONDITIONS = DEBUG;
				SWIFT_OPTIMIZATION_LEVEL = "-Onone";
			};
			name = Debug;
		};
		2B659AF61F7E2BF9004C61D0 /* Release */ = {
			isa = XCBuildConfiguration;
			buildSettings = {
				ALWAYS_SEARCH_USER_PATHS = NO;
				CLANG_ANALYZER_NONNULL = YES;
				CLANG_ANALYZER_NUMBER_OBJECT_CONVERSION = YES_AGGRESSIVE;
				CLANG_CXX_LANGUAGE_STANDARD = "gnu++14";
				CLANG_CXX_LIBRARY = "libc++";
				CLANG_ENABLE_MODULES = YES;
				CLANG_ENABLE_OBJC_ARC = YES;
				CLANG_WARN_BLOCK_CAPTURE_AUTORELEASING = YES;
				CLANG_WARN_BOOL_CONVERSION = YES;
				CLANG_WARN_COMMA = YES;
				CLANG_WARN_CONSTANT_CONVERSION = YES;
				CLANG_WARN_DIRECT_OBJC_ISA_USAGE = YES_ERROR;
				CLANG_WARN_DOCUMENTATION_COMMENTS = YES;
				CLANG_WARN_EMPTY_BODY = YES;
				CLANG_WARN_ENUM_CONVERSION = YES;
				CLANG_WARN_INFINITE_RECURSION = YES;
				CLANG_WARN_INT_CONVERSION = YES;
				CLANG_WARN_NON_LITERAL_NULL_CONVERSION = YES;
				CLANG_WARN_OBJC_LITERAL_CONVERSION = YES;
				CLANG_WARN_OBJC_ROOT_CLASS = YES_ERROR;
				CLANG_WARN_RANGE_LOOP_ANALYSIS = YES;
				CLANG_WARN_STRICT_PROTOTYPES = YES;
				CLANG_WARN_SUSPICIOUS_MOVE = YES;
				CLANG_WARN_UNGUARDED_AVAILABILITY = YES_AGGRESSIVE;
				CLANG_WARN_UNREACHABLE_CODE = YES;
				CLANG_WARN__DUPLICATE_METHOD_MATCH = YES;
				CODE_SIGN_IDENTITY = "iPhone Developer";
				COPY_PHASE_STRIP = NO;
				DEBUG_INFORMATION_FORMAT = "dwarf-with-dsym";
				ENABLE_NS_ASSERTIONS = NO;
				ENABLE_STRICT_OBJC_MSGSEND = YES;
				GCC_C_LANGUAGE_STANDARD = gnu11;
				GCC_NO_COMMON_BLOCKS = YES;
				GCC_WARN_64_TO_32_BIT_CONVERSION = YES;
				GCC_WARN_ABOUT_RETURN_TYPE = YES_ERROR;
				GCC_WARN_UNDECLARED_SELECTOR = YES;
				GCC_WARN_UNINITIALIZED_AUTOS = YES_AGGRESSIVE;
				GCC_WARN_UNUSED_FUNCTION = YES;
				GCC_WARN_UNUSED_VARIABLE = YES;
				IPHONEOS_DEPLOYMENT_TARGET = 11.0;
				MTL_ENABLE_DEBUG_INFO = NO;
				SDKROOT = iphoneos;
				SWIFT_OPTIMIZATION_LEVEL = "-Owholemodule";
				VALIDATE_PRODUCT = YES;
			};
			name = Release;
		};
		2B659AF81F7E2BF9004C61D0 /* Debug */ = {
			isa = XCBuildConfiguration;
			buildSettings = {
				ASSETCATALOG_COMPILER_APPICON_NAME = AppIcon;
				CODE_SIGN_STYLE = Automatic;
				DEVELOPMENT_TEAM = 666K52KKX2;
				INFOPLIST_FILE = Seapp/Info.plist;
				LD_RUNPATH_SEARCH_PATHS = "$(inherited) @executable_path/Frameworks";
				PRODUCT_BUNDLE_IDENTIFIER = com.example.Seapp;
				PRODUCT_NAME = "$(TARGET_NAME)";
				SWIFT_VERSION = 4.0;
				TARGETED_DEVICE_FAMILY = "1,2";
			};
			name = Debug;
		};
		2B659AF91F7E2BF9004C61D0 /* Release */ = {
			isa = XCBuildConfiguration;
			buildSettings = {
				ASSETCATALOG_COMPILER_APPICON_NAME = AppIcon;
				CODE_SIGN_STYLE = Automatic;
				DEVELOPMENT_TEAM = 666K52KKX2;
				INFOPLIST_FILE = Seapp/Info.plist;
				LD_RUNPATH_SEARCH_PATHS = "$(inherited) @executable_path/Frameworks";
				PRODUCT_BUNDLE_IDENTIFIER = com.example.Seapp;
				PRODUCT_NAME = "$(TARGET_NAME)";
				SWIFT_VERSION = 4.0;
				TARGETED_DEVICE_FAMILY = "1,2";
			};
			name = Release;
		};
		2B659AFB1F7E2BF9004C61D0 /* Debug */ = {
			isa = XCBuildConfiguration;
			buildSettings = {
				ALWAYS_EMBED_SWIFT_STANDARD_LIBRARIES = YES;
				BUNDLE_LOADER = "$(TEST_HOST)";
				CODE_SIGN_STYLE = Automatic;
				DEVELOPMENT_TEAM = 666K52KKX2;
				INFOPLIST_FILE = SeappTests/Info.plist;
				LD_RUNPATH_SEARCH_PATHS = "$(inherited) @executable_path/Frameworks @loader_path/Frameworks";
				PRODUCT_BUNDLE_IDENTIFIER = com.example.SeappTests;
				PRODUCT_NAME = "$(TARGET_NAME)";
				SWIFT_VERSION = 4.0;
				TARGETED_DEVICE_FAMILY = "1,2";
				TEST_HOST = "$(BUILT_PRODUCTS_DIR)/Seapp.app/Seapp";
			};
			name = Debug;
		};
		2B659AFC1F7E2BF9004C61D0 /* Release */ = {
			isa = XCBuildConfiguration;
			buildSettings = {
				ALWAYS_EMBED_SWIFT_STANDARD_LIBRARIES = YES;
				BUNDLE_LOADER = "$(TEST_HOST)";
				CODE_SIGN_STYLE = Automatic;
				DEVELOPMENT_TEAM = 666K52KKX2;
				INFOPLIST_FILE = SeappTests/Info.plist;
				LD_RUNPATH_SEARCH_PATHS = "$(inherited) @executable_path/Frameworks @loader_path/Frameworks";
				PRODUCT_BUNDLE_IDENTIFIER = com.example.SeappTests;
				PRODUCT_NAME = "$(TARGET_NAME)";
				SWIFT_VERSION = 4.0;
				TARGETED_DEVICE_FAMILY = "1,2";
				TEST_HOST = "$(BUILT_PRODUCTS_DIR)/Seapp.app/Seapp";
			};
			name = Release;
		};
/* End XCBuildConfiguration section */

/* Begin XCConfigurationList section */
		2B659AD21F7E2BF9004C61D0 /* Build configuration list for PBXProject "Seapp" */ = {
			isa = XCConfigurationList;
			buildConfigurations = (
				2B659AF51F7E2BF9004C61D0 /* Debug */,
				2B659AF61F7E2BF9004C61D0 /* Release */,
			);
			defaultConfigurationIsVisible = 0;
			defaultConfigurationName = Release;
		};
		2B659AF71F7E2BF9004C61D0 /* Build configuration list for PBXNativeTarget "Seapp" */ = {
			isa = XCConfigurationList;
			buildConfigurations = (
				2B659AF81F7E2BF9004C61D0 /* Debug */,
				2B659AF91F7E2BF9004C61D0 /* Release */,
			);
			defaultConfigurationIsVisible = 0;
			defaultConfigurationName = Release;
		};
		2B659AFA1F7E2BF9004C61D0 /* Build configuration list for PBXNativeTarget "SeappTests" */ = {
			isa = XCConfigurationList;
			buildConfigurations = (
				2B659AFB1F7E2BF9004C61D0 /* Debug */,
				2B659AFC1F7E2BF9004C61D0 /* Release */,
			);
			defaultConfigurationIsVisible = 0;
			defaultConfigurationName = Release;
		};
/* End XCConfigurationList section */

/* Begin XCVersionGroup section */
		2B659AE11F7E2BF9004C61D0 /* Seapp.xcdatamodeld */ = {
			isa = XCVersionGroup;
			children = (
				2B659AE21F7E2BF9004C61D0 /* Seapp.xcdatamodel */,
			);
			currentVersion = 2B659AE21F7E2BF9004C61D0 /* Seapp.xcdatamodel */;
			path = Seapp.xcdatamodeld;
			sourceTree = "<group>";
			versionGroupType = wrapper.xcdatamodel;
		};
/* End XCVersionGroup section */
	};
	rootObject = 2B659ACF1F7E2BF9004C61D0 /* Project object */;
}
